
Microsoft Visual Studio Solution File, Format Version 12.00
# Visual Studio 2012
Project("{FAE04EC0-301F-11D3-BF4B-00C04F79EFBC}") = "Contrive.Sample.Web", "Contrive.Sample.Web\Contrive.Sample.Web.csproj", "{6EDCCF2F-44B0-46B1-9432-60E4782828CE}"
EndProject
Project("{2150E333-8FDC-42A3-9474-1A3956D46DE8}") = ".nuget", ".nuget", "{5E421202-8075-458C-863C-298F9A75403B}"
	ProjectSection(SolutionItems) = preProject
		.nuget\NuGet.Config = .nuget\NuGet.Config
		.nuget\NuGet.exe = .nuget\NuGet.exe
		.nuget\NuGet.targets = .nuget\NuGet.targets
	EndProjectSection
EndProject
Project("{FAE04EC0-301F-11D3-BF4B-00C04F79EFBC}") = "Contrive.Sample.Data", "Contrive.Sample.Data\Contrive.Sample.Data.csproj", "{06E21CC1-40BD-461B-8784-B2BF260733FA}"
EndProject
Project("{FAE04EC0-301F-11D3-BF4B-00C04F79EFBC}") = "Contrive.Sample.Tests", "Contrive.Sample.Tests\Contrive.Sample.Tests.csproj", "{B36D0991-29D6-4047-A2D0-5A06A6071657}"
EndProject
Project("{FAE04EC0-301F-11D3-BF4B-00C04F79EFBC}") = "Contrive.Common", "..\Contrive\Contrive.Common\Contrive.Common.csproj", "{00B479B8-86CD-4EDB-B6B0-F0C574B1F00B}"
EndProject
Project("{FAE04EC0-301F-11D3-BF4B-00C04F79EFBC}") = "Contrive.Auth", "..\Contrive\Contrive.Auth\Contrive.Auth.csproj", "{8B6F25F8-DB66-4DD6-A591-399AB373ABAE}"
EndProject
Project("{FAE04EC0-301F-11D3-BF4B-00C04F79EFBC}") = "Contrive.Common.Web", "..\Contrive\Contrive.Common.Web\Contrive.Common.Web.csproj", "{EDE4D614-2999-416D-8FA0-63D4A3A9175F}"
EndProject
Project("{FAE04EC0-301F-11D3-BF4B-00C04F79EFBC}") = "Contrive.Auth.Web", "..\Contrive\Contrive.Auth.Web\Contrive.Auth.Web.csproj", "{627B918B-6856-4B1C-91E1-DAFC5CCDCA0C}"
EndProject
Project("{FAE04EC0-301F-11D3-BF4B-00C04F79EFBC}") = "Contrive.Common.Data", "..\Contrive\Contrive.Common.Data\Contrive.Common.Data.csproj", "{22EAC544-F46D-46D4-87B0-A015A81C0A2A}"
EndProject
Project("{FAE04EC0-301F-11D3-BF4B-00C04F79EFBC}") = "Contrive.StructureMap", "..\Contrive\Contrive.StructureMap\Contrive.StructureMap.csproj", "{FC138A58-C976-4704-BC55-89970007E66A}"
EndProject
Global
	GlobalSection(SolutionConfigurationPlatforms) = preSolution
		Debug|Any CPU = Debug|Any CPU
		Release|Any CPU = Release|Any CPU
		Staging|Any CPU = Staging|Any CPU
	EndGlobalSection
	GlobalSection(ProjectConfigurationPlatforms) = postSolution
		{6EDCCF2F-44B0-46B1-9432-60E4782828CE}.Debug|Any CPU.ActiveCfg = Debug|Any CPU
		{6EDCCF2F-44B0-46B1-9432-60E4782828CE}.Debug|Any CPU.Build.0 = Debug|Any CPU
		{6EDCCF2F-44B0-46B1-9432-60E4782828CE}.Release|Any CPU.ActiveCfg = Release|Any CPU
		{6EDCCF2F-44B0-46B1-9432-60E4782828CE}.Release|Any CPU.Build.0 = Release|Any CPU
		{6EDCCF2F-44B0-46B1-9432-60E4782828CE}.Staging|Any CPU.ActiveCfg = Staging|Any CPU
		{6EDCCF2F-44B0-46B1-9432-60E4782828CE}.Staging|Any CPU.Build.0 = Staging|Any CPU
		{06E21CC1-40BD-461B-8784-B2BF260733FA}.Debug|Any CPU.ActiveCfg = Debug|Any CPU
		{06E21CC1-40BD-461B-8784-B2BF260733FA}.Debug|Any CPU.Build.0 = Debug|Any CPU
		{06E21CC1-40BD-461B-8784-B2BF260733FA}.Release|Any CPU.ActiveCfg = Release|Any CPU
		{06E21CC1-40BD-461B-8784-B2BF260733FA}.Release|Any CPU.Build.0 = Release|Any CPU
		{06E21CC1-40BD-461B-8784-B2BF260733FA}.Staging|Any CPU.ActiveCfg = Staging|Any CPU
		{06E21CC1-40BD-461B-8784-B2BF260733FA}.Staging|Any CPU.Build.0 = Staging|Any CPU
		{B36D0991-29D6-4047-A2D0-5A06A6071657}.Debug|Any CPU.ActiveCfg = Debug|Any CPU
		{B36D0991-29D6-4047-A2D0-5A06A6071657}.Debug|Any CPU.Build.0 = Debug|Any CPU
		{B36D0991-29D6-4047-A2D0-5A06A6071657}.Release|Any CPU.ActiveCfg = Debug|Any CPU
		{B36D0991-29D6-4047-A2D0-5A06A6071657}.Staging|Any CPU.ActiveCfg = Debug|Any CPU
		{B36D0991-29D6-4047-A2D0-5A06A6071657}.Staging|Any CPU.Build.0 = Debug|Any CPU
		{00B479B8-86CD-4EDB-B6B0-F0C574B1F00B}.Debug|Any CPU.ActiveCfg = Debug|Any CPU
		{00B479B8-86CD-4EDB-B6B0-F0C574B1F00B}.Debug|Any CPU.Build.0 = Debug|Any CPU
		{00B479B8-86CD-4EDB-B6B0-F0C574B1F00B}.Release|Any CPU.ActiveCfg = Release|Any CPU
		{00B479B8-86CD-4EDB-B6B0-F0C574B1F00B}.Release|Any CPU.Build.0 = Release|Any CPU
		{00B479B8-86CD-4EDB-B6B0-F0C574B1F00B}.Staging|Any CPU.ActiveCfg = Staging|Any CPU
		{00B479B8-86CD-4EDB-B6B0-F0C574B1F00B}.Staging|Any CPU.Build.0 = Staging|Any CPU
		{8B6F25F8-DB66-4DD6-A591-399AB373ABAE}.Debug|Any CPU.ActiveCfg = Debug|Any CPU
		{8B6F25F8-DB66-4DD6-A591-399AB373ABAE}.Debug|Any CPU.Build.0 = Debug|Any CPU
		{8B6F25F8-DB66-4DD6-A591-399AB373ABAE}.Release|Any CPU.ActiveCfg = Release|Any CPU
		{8B6F25F8-DB66-4DD6-A591-399AB373ABAE}.Release|Any CPU.Build.0 = Release|Any CPU
		{8B6F25F8-DB66-4DD6-A591-399AB373ABAE}.Staging|Any CPU.ActiveCfg = Staging|Any CPU
		{8B6F25F8-DB66-4DD6-A591-399AB373ABAE}.Staging|Any CPU.Build.0 = Staging|Any CPU
		{EDE4D614-2999-416D-8FA0-63D4A3A9175F}.Debug|Any CPU.ActiveCfg = Debug|Any CPU
		{EDE4D614-2999-416D-8FA0-63D4A3A9175F}.Debug|Any CPU.Build.0 = Debug|Any CPU
		{EDE4D614-2999-416D-8FA0-63D4A3A9175F}.Release|Any CPU.ActiveCfg = Release|Any CPU
		{EDE4D614-2999-416D-8FA0-63D4A3A9175F}.Release|Any CPU.Build.0 = Release|Any CPU
		{EDE4D614-2999-416D-8FA0-63D4A3A9175F}.Staging|Any CPU.ActiveCfg = Staging|Any CPU
		{EDE4D614-2999-416D-8FA0-63D4A3A9175F}.Staging|Any CPU.Build.0 = Staging|Any CPU
		{627B918B-6856-4B1C-91E1-DAFC5CCDCA0C}.Debug|Any CPU.ActiveCfg = Debug|Any CPU
		{627B918B-6856-4B1C-91E1-DAFC5CCDCA0C}.Debug|Any CPU.Build.0 = Debug|Any CPU
		{627B918B-6856-4B1C-91E1-DAFC5CCDCA0C}.Release|Any CPU.ActiveCfg = Release|Any CPU
		{627B918B-6856-4B1C-91E1-DAFC5CCDCA0C}.Release|Any CPU.Build.0 = Release|Any CPU
		{627B918B-6856-4B1C-91E1-DAFC5CCDCA0C}.Staging|Any CPU.ActiveCfg = Staging|Any CPU
		{627B918B-6856-4B1C-91E1-DAFC5CCDCA0C}.Staging|Any CPU.Build.0 = Staging|Any CPU
		{22EAC544-F46D-46D4-87B0-A015A81C0A2A}.Debug|Any CPU.ActiveCfg = Debug|Any CPU
		{22EAC544-F46D-46D4-87B0-A015A81C0A2A}.Debug|Any CPU.Build.0 = Debug|Any CPU
		{22EAC544-F46D-46D4-87B0-A015A81C0A2A}.Release|Any CPU.ActiveCfg = Release|Any CPU
		{22EAC544-F46D-46D4-87B0-A015A81C0A2A}.Release|Any CPU.Build.0 = Release|Any CPU
		{22EAC544-F46D-46D4-87B0-A015A81C0A2A}.Staging|Any CPU.ActiveCfg = Staging|Any CPU
		{22EAC544-F46D-46D4-87B0-A015A81C0A2A}.Staging|Any CPU.Build.0 = Staging|Any CPU
		{FC138A58-C976-4704-BC55-89970007E66A}.Debug|Any CPU.ActiveCfg = Debug|Any CPU
		{FC138A58-C976-4704-BC55-89970007E66A}.Debug|Any CPU.Build.0 = Debug|Any CPU
		{FC138A58-C976-4704-BC55-89970007E66A}.Release|Any CPU.ActiveCfg = Release|Any CPU
		{FC138A58-C976-4704-BC55-89970007E66A}.Release|Any CPU.Build.0 = Release|Any CPU
		{FC138A58-C976-4704-BC55-89970007E66A}.Staging|Any CPU.ActiveCfg = Staging|Any CPU
		{FC138A58-C976-4704-BC55-89970007E66A}.Staging|Any CPU.Build.0 = Staging|Any CPU
	EndGlobalSection
	GlobalSection(SolutionProperties) = preSolution
		HideSolutionNode = FALSE
	EndGlobalSection
EndGlobal
